// !$*UTF8*$!
{
	archiveVersion = 1;
	classes = {
	};
	objectVersion = 46;
	objects = {

/* Begin PBXBuildFile section */
		EF8CF50118DC6CD80007D85C /* STProfileViewController.m in Sources */ = {isa = PBXBuildFile; fileRef = EF8CF50018DC6CD80007D85C /* STProfileViewController.m */; };
		EF8CF50518DC73E80007D85C /* STApiService.m in Sources */ = {isa = PBXBuildFile; fileRef = EF8CF50418DC73E80007D85C /* STApiService.m */; };
		FA0BCE8E18DDCA18007C8D8D /* STGame.m in Sources */ = {isa = PBXBuildFile; fileRef = FA0BCE8D18DDCA18007C8D8D /* STGame.m */; };
		FA2BF59F18D9EB5100E64C14 /* STUser.m in Sources */ = {isa = PBXBuildFile; fileRef = FA2BF59E18D9EB5100E64C14 /* STUser.m */; };
		FA2BF5A218D9EC7F00E64C14 /* STNavigationViewController.m in Sources */ = {isa = PBXBuildFile; fileRef = FA2BF5A118D9EC7F00E64C14 /* STNavigationViewController.m */; };
		FA85D53F18D2F04A00C96A8E /* Foundation.framework in Frameworks */ = {isa = PBXBuildFile; fileRef = FA85D53E18D2F04A00C96A8E /* Foundation.framework */; };
		FA85D54118D2F04A00C96A8E /* CoreGraphics.framework in Frameworks */ = {isa = PBXBuildFile; fileRef = FA85D54018D2F04A00C96A8E /* CoreGraphics.framework */; };
		FA85D54318D2F04A00C96A8E /* UIKit.framework in Frameworks */ = {isa = PBXBuildFile; fileRef = FA85D54218D2F04A00C96A8E /* UIKit.framework */; };
		FA85D54918D2F04A00C96A8E /* InfoPlist.strings in Resources */ = {isa = PBXBuildFile; fileRef = FA85D54718D2F04A00C96A8E /* InfoPlist.strings */; };
		FA85D54B18D2F04A00C96A8E /* main.m in Sources */ = {isa = PBXBuildFile; fileRef = FA85D54A18D2F04A00C96A8E /* main.m */; };
		FA85D54F18D2F04A00C96A8E /* STAppDelegate.m in Sources */ = {isa = PBXBuildFile; fileRef = FA85D54E18D2F04A00C96A8E /* STAppDelegate.m */; };
		FA85D55218D2F04A00C96A8E /* Main_iPhone.storyboard in Resources */ = {isa = PBXBuildFile; fileRef = FA85D55018D2F04A00C96A8E /* Main_iPhone.storyboard */; };
		FA85D55518D2F04A00C96A8E /* Main_iPad.storyboard in Resources */ = {isa = PBXBuildFile; fileRef = FA85D55318D2F04A00C96A8E /* Main_iPad.storyboard */; };
		FA85D55818D2F04A00C96A8E /* STViewController.m in Sources */ = {isa = PBXBuildFile; fileRef = FA85D55718D2F04A00C96A8E /* STViewController.m */; };
		FA85D55A18D2F04A00C96A8E /* Images.xcassets in Resources */ = {isa = PBXBuildFile; fileRef = FA85D55918D2F04A00C96A8E /* Images.xcassets */; };
		FA85D56118D2F04B00C96A8E /* XCTest.framework in Frameworks */ = {isa = PBXBuildFile; fileRef = FA85D56018D2F04B00C96A8E /* XCTest.framework */; };
		FA85D56218D2F04B00C96A8E /* Foundation.framework in Frameworks */ = {isa = PBXBuildFile; fileRef = FA85D53E18D2F04A00C96A8E /* Foundation.framework */; };
		FA85D56318D2F04B00C96A8E /* UIKit.framework in Frameworks */ = {isa = PBXBuildFile; fileRef = FA85D54218D2F04A00C96A8E /* UIKit.framework */; };
		FA85D56B18D2F04B00C96A8E /* InfoPlist.strings in Resources */ = {isa = PBXBuildFile; fileRef = FA85D56918D2F04B00C96A8E /* InfoPlist.strings */; };
		FA85D56D18D2F04B00C96A8E /* SteamTests.m in Sources */ = {isa = PBXBuildFile; fileRef = FA85D56C18D2F04B00C96A8E /* SteamTests.m */; };
/* End PBXBuildFile section */

/* Begin PBXContainerItemProxy section */
		FA85D56418D2F04B00C96A8E /* PBXContainerItemProxy */ = {
			isa = PBXContainerItemProxy;
			containerPortal = FA85D53318D2F04A00C96A8E /* Project object */;
			proxyType = 1;
			remoteGlobalIDString = FA85D53A18D2F04A00C96A8E;
			remoteInfo = Steam;
		};
/* End PBXContainerItemProxy section */

/* Begin PBXFileReference section */
		EF8CF4FF18DC6CD80007D85C /* STProfileViewController.h */ = {isa = PBXFileReference; fileEncoding = 4; lastKnownFileType = sourcecode.c.h; path = STProfileViewController.h; sourceTree = "<group>"; };
		EF8CF50018DC6CD80007D85C /* STProfileViewController.m */ = {isa = PBXFileReference; fileEncoding = 4; lastKnownFileType = sourcecode.c.objc; path = STProfileViewController.m; sourceTree = "<group>"; };
		EF8CF50318DC73E80007D85C /* STApiService.h */ = {isa = PBXFileReference; fileEncoding = 4; lastKnownFileType = sourcecode.c.h; path = STApiService.h; sourceTree = "<group>"; };
		EF8CF50418DC73E80007D85C /* STApiService.m */ = {isa = PBXFileReference; fileEncoding = 4; lastKnownFileType = sourcecode.c.objc; path = STApiService.m; sourceTree = "<group>"; };
		FA0BCE8C18DDCA18007C8D8D /* STGame.h */ = {isa = PBXFileReference; fileEncoding = 4; lastKnownFileType = sourcecode.c.h; path = STGame.h; sourceTree = "<group>"; };
		FA0BCE8D18DDCA18007C8D8D /* STGame.m */ = {isa = PBXFileReference; fileEncoding = 4; lastKnownFileType = sourcecode.c.objc; path = STGame.m; sourceTree = "<group>"; };
		FA2BF59D18D9EB5100E64C14 /* STUser.h */ = {isa = PBXFileReference; fileEncoding = 4; lastKnownFileType = sourcecode.c.h; path = STUser.h; sourceTree = "<group>"; };
		FA2BF59E18D9EB5100E64C14 /* STUser.m */ = {isa = PBXFileReference; fileEncoding = 4; lastKnownFileType = sourcecode.c.objc; path = STUser.m; sourceTree = "<group>"; };
		FA2BF5A018D9EC7F00E64C14 /* STNavigationViewController.h */ = {isa = PBXFileReference; fileEncoding = 4; lastKnownFileType = sourcecode.c.h; path = STNavigationViewController.h; sourceTree = "<group>"; };
		FA2BF5A118D9EC7F00E64C14 /* STNavigationViewController.m */ = {isa = PBXFileReference; fileEncoding = 4; lastKnownFileType = sourcecode.c.objc; path = STNavigationViewController.m; sourceTree = "<group>"; };
		FA85D53B18D2F04A00C96A8E /* Steam.app */ = {isa = PBXFileReference; explicitFileType = wrapper.application; includeInIndex = 0; path = Steam.app; sourceTree = BUILT_PRODUCTS_DIR; };
		FA85D53E18D2F04A00C96A8E /* Foundation.framework */ = {isa = PBXFileReference; lastKnownFileType = wrapper.framework; name = Foundation.framework; path = System/Library/Frameworks/Foundation.framework; sourceTree = SDKROOT; };
		FA85D54018D2F04A00C96A8E /* CoreGraphics.framework */ = {isa = PBXFileReference; lastKnownFileType = wrapper.framework; name = CoreGraphics.framework; path = System/Library/Frameworks/CoreGraphics.framework; sourceTree = SDKROOT; };
		FA85D54218D2F04A00C96A8E /* UIKit.framework */ = {isa = PBXFileReference; lastKnownFileType = wrapper.framework; name = UIKit.framework; path = System/Library/Frameworks/UIKit.framework; sourceTree = SDKROOT; };
		FA85D54618D2F04A00C96A8E /* Steam-Info.plist */ = {isa = PBXFileReference; lastKnownFileType = text.plist.xml; path = "Steam-Info.plist"; sourceTree = "<group>"; };
		FA85D54818D2F04A00C96A8E /* en */ = {isa = PBXFileReference; lastKnownFileType = text.plist.strings; name = en; path = en.lproj/InfoPlist.strings; sourceTree = "<group>"; };
		FA85D54A18D2F04A00C96A8E /* main.m */ = {isa = PBXFileReference; lastKnownFileType = sourcecode.c.objc; path = main.m; sourceTree = "<group>"; };
		FA85D54C18D2F04A00C96A8E /* Steam-Prefix.pch */ = {isa = PBXFileReference; lastKnownFileType = sourcecode.c.h; path = "Steam-Prefix.pch"; sourceTree = "<group>"; };
		FA85D54D18D2F04A00C96A8E /* STAppDelegate.h */ = {isa = PBXFileReference; lastKnownFileType = sourcecode.c.h; path = STAppDelegate.h; sourceTree = "<group>"; };
		FA85D54E18D2F04A00C96A8E /* STAppDelegate.m */ = {isa = PBXFileReference; lastKnownFileType = sourcecode.c.objc; path = STAppDelegate.m; sourceTree = "<group>"; };
		FA85D55118D2F04A00C96A8E /* Base */ = {isa = PBXFileReference; lastKnownFileType = file.storyboard; name = Base; path = Base.lproj/Main_iPhone.storyboard; sourceTree = "<group>"; };
		FA85D55418D2F04A00C96A8E /* Base */ = {isa = PBXFileReference; lastKnownFileType = file.storyboard; name = Base; path = Base.lproj/Main_iPad.storyboard; sourceTree = "<group>"; };
		FA85D55618D2F04A00C96A8E /* STViewController.h */ = {isa = PBXFileReference; lastKnownFileType = sourcecode.c.h; path = STViewController.h; sourceTree = "<group>"; };
		FA85D55718D2F04A00C96A8E /* STViewController.m */ = {isa = PBXFileReference; lastKnownFileType = sourcecode.c.objc; path = STViewController.m; sourceTree = "<group>"; };
		FA85D55918D2F04A00C96A8E /* Images.xcassets */ = {isa = PBXFileReference; lastKnownFileType = folder.assetcatalog; path = Images.xcassets; sourceTree = "<group>"; };
		FA85D55F18D2F04B00C96A8E /* SteamTests.xctest */ = {isa = PBXFileReference; explicitFileType = wrapper.cfbundle; includeInIndex = 0; path = SteamTests.xctest; sourceTree = BUILT_PRODUCTS_DIR; };
		FA85D56018D2F04B00C96A8E /* XCTest.framework */ = {isa = PBXFileReference; lastKnownFileType = wrapper.framework; name = XCTest.framework; path = Library/Frameworks/XCTest.framework; sourceTree = DEVELOPER_DIR; };
		FA85D56818D2F04B00C96A8E /* SteamTests-Info.plist */ = {isa = PBXFileReference; lastKnownFileType = text.plist.xml; path = "SteamTests-Info.plist"; sourceTree = "<group>"; };
		FA85D56A18D2F04B00C96A8E /* en */ = {isa = PBXFileReference; lastKnownFileType = text.plist.strings; name = en; path = en.lproj/InfoPlist.strings; sourceTree = "<group>"; };
		FA85D56C18D2F04B00C96A8E /* SteamTests.m */ = {isa = PBXFileReference; lastKnownFileType = sourcecode.c.objc; path = SteamTests.m; sourceTree = "<group>"; };
/* End PBXFileReference section */

/* Begin PBXFrameworksBuildPhase section */
		FA85D53818D2F04A00C96A8E /* Frameworks */ = {
			isa = PBXFrameworksBuildPhase;
			buildActionMask = 2147483647;
			files = (
				FA85D54118D2F04A00C96A8E /* CoreGraphics.framework in Frameworks */,
				FA85D54318D2F04A00C96A8E /* UIKit.framework in Frameworks */,
				FA85D53F18D2F04A00C96A8E /* Foundation.framework in Frameworks */,
			);
			runOnlyForDeploymentPostprocessing = 0;
		};
		FA85D55C18D2F04B00C96A8E /* Frameworks */ = {
			isa = PBXFrameworksBuildPhase;
			buildActionMask = 2147483647;
			files = (
				FA85D56118D2F04B00C96A8E /* XCTest.framework in Frameworks */,
				FA85D56318D2F04B00C96A8E /* UIKit.framework in Frameworks */,
				FA85D56218D2F04B00C96A8E /* Foundation.framework in Frameworks */,
			);
			runOnlyForDeploymentPostprocessing = 0;
		};
/* End PBXFrameworksBuildPhase section */

/* Begin PBXGroup section */
		EF8CF50218DC73940007D85C /* Services */ = {
			isa = PBXGroup;
			children = (
				EF8CF50318DC73E80007D85C /* STApiService.h */,
				EF8CF50418DC73E80007D85C /* STApiService.m */,
			);
			name = Services;
			sourceTree = "<group>";
		};
		FA2BF59A18D9E67000E64C14 /* Controller */ = {
			isa = PBXGroup;
			children = (
				FA85D55618D2F04A00C96A8E /* STViewController.h */,
				FA85D55718D2F04A00C96A8E /* STViewController.m */,
				FA2BF5A018D9EC7F00E64C14 /* STNavigationViewController.h */,
				FA2BF5A118D9EC7F00E64C14 /* STNavigationViewController.m */,
				EF8CF4FF18DC6CD80007D85C /* STProfileViewController.h */,
				EF8CF50018DC6CD80007D85C /* STProfileViewController.m */,
			);
			name = Controller;
			sourceTree = "<group>";
		};
		FA2BF59B18D9E67800E64C14 /* View */ = {
			isa = PBXGroup;
			children = (
				FA85D55018D2F04A00C96A8E /* Main_iPhone.storyboard */,
				FA85D55318D2F04A00C96A8E /* Main_iPad.storyboard */,
			);
			name = View;
			sourceTree = "<group>";
		};
		FA2BF59C18D9E68000E64C14 /* Model */ = {
			isa = PBXGroup;
			children = (
				FA2BF59D18D9EB5100E64C14 /* STUser.h */,
				FA2BF59E18D9EB5100E64C14 /* STUser.m */,
				FA0BCE8C18DDCA18007C8D8D /* STGame.h */,
				FA0BCE8D18DDCA18007C8D8D /* STGame.m */,
			);
			name = Model;
			sourceTree = "<group>";
		};
		FA85D53218D2F04A00C96A8E = {
			isa = PBXGroup;
			children = (
				FA85D54418D2F04A00C96A8E /* Steam */,
				FA85D56618D2F04B00C96A8E /* SteamTests */,
				FA85D53D18D2F04A00C96A8E /* Frameworks */,
				FA85D53C18D2F04A00C96A8E /* Products */,
			);
			sourceTree = "<group>";
		};
		FA85D53C18D2F04A00C96A8E /* Products */ = {
			isa = PBXGroup;
			children = (
				FA85D53B18D2F04A00C96A8E /* Steam.app */,
				FA85D55F18D2F04B00C96A8E /* SteamTests.xctest */,
			);
			name = Products;
			sourceTree = "<group>";
		};
		FA85D53D18D2F04A00C96A8E /* Frameworks */ = {
			isa = PBXGroup;
			children = (
				FA85D53E18D2F04A00C96A8E /* Foundation.framework */,
				FA85D54018D2F04A00C96A8E /* CoreGraphics.framework */,
				FA85D54218D2F04A00C96A8E /* UIKit.framework */,
				FA85D56018D2F04B00C96A8E /* XCTest.framework */,
			);
			name = Frameworks;
			sourceTree = "<group>";
		};
		FA85D54418D2F04A00C96A8E /* Steam */ = {
			isa = PBXGroup;
			children = (
				EF8CF50218DC73940007D85C /* Services */,
				FA2BF59C18D9E68000E64C14 /* Model */,
				FA2BF59B18D9E67800E64C14 /* View */,
				FA2BF59A18D9E67000E64C14 /* Controller */,
				FA85D54D18D2F04A00C96A8E /* STAppDelegate.h */,
				FA85D54E18D2F04A00C96A8E /* STAppDelegate.m */,
				FA85D55918D2F04A00C96A8E /* Images.xcassets */,
				FA85D54518D2F04A00C96A8E /* Supporting Files */,
			);
			path = Steam;
			sourceTree = "<group>";
		};
		FA85D54518D2F04A00C96A8E /* Supporting Files */ = {
			isa = PBXGroup;
			children = (
				FA85D54618D2F04A00C96A8E /* Steam-Info.plist */,
				FA85D54718D2F04A00C96A8E /* InfoPlist.strings */,
				FA85D54A18D2F04A00C96A8E /* main.m */,
				FA85D54C18D2F04A00C96A8E /* Steam-Prefix.pch */,
			);
			name = "Supporting Files";
			sourceTree = "<group>";
		};
		FA85D56618D2F04B00C96A8E /* SteamTests */ = {
			isa = PBXGroup;
			children = (
				FA85D56C18D2F04B00C96A8E /* SteamTests.m */,
				FA85D56718D2F04B00C96A8E /* Supporting Files */,
			);
			path = SteamTests;
			sourceTree = "<group>";
		};
		FA85D56718D2F04B00C96A8E /* Supporting Files */ = {
			isa = PBXGroup;
			children = (
				FA85D56818D2F04B00C96A8E /* SteamTests-Info.plist */,
				FA85D56918D2F04B00C96A8E /* InfoPlist.strings */,
			);
			name = "Supporting Files";
			sourceTree = "<group>";
		};
/* End PBXGroup section */

/* Begin PBXNativeTarget section */
		FA85D53A18D2F04A00C96A8E /* Steam */ = {
			isa = PBXNativeTarget;
			buildConfigurationList = FA85D57018D2F04B00C96A8E /* Build configuration list for PBXNativeTarget "Steam" */;
			buildPhases = (
				FA85D53718D2F04A00C96A8E /* Sources */,
				FA85D53818D2F04A00C96A8E /* Frameworks */,
				FA85D53918D2F04A00C96A8E /* Resources */,
			);
			buildRules = (
			);
			dependencies = (
			);
			name = Steam;
			productName = Steam;
			productReference = FA85D53B18D2F04A00C96A8E /* Steam.app */;
			productType = "com.apple.product-type.application";
		};
		FA85D55E18D2F04B00C96A8E /* SteamTests */ = {
			isa = PBXNativeTarget;
			buildConfigurationList = FA85D57318D2F04B00C96A8E /* Build configuration list for PBXNativeTarget "SteamTests" */;
			buildPhases = (
				FA85D55B18D2F04B00C96A8E /* Sources */,
				FA85D55C18D2F04B00C96A8E /* Frameworks */,
				FA85D55D18D2F04B00C96A8E /* Resources */,
			);
			buildRules = (
			);
			dependencies = (
				FA85D56518D2F04B00C96A8E /* PBXTargetDependency */,
			);
			name = SteamTests;
			productName = SteamTests;
			productReference = FA85D55F18D2F04B00C96A8E /* SteamTests.xctest */;
			productType = "com.apple.product-type.bundle.unit-test";
		};
/* End PBXNativeTarget section */

/* Begin PBXProject section */
		FA85D53318D2F04A00C96A8E /* Project object */ = {
			isa = PBXProject;
			attributes = {
				CLASSPREFIX = ST;
				LastUpgradeCheck = 0510;
				ORGANIZATIONNAME = "Alex Nagelkerke";
				TargetAttributes = {
					FA85D53A18D2F04A00C96A8E = {
						DevelopmentTeam = 24W78PLNZ6;
					};
					FA85D55E18D2F04B00C96A8E = {
						TestTargetID = FA85D53A18D2F04A00C96A8E;
					};
				};
			};
			buildConfigurationList = FA85D53618D2F04A00C96A8E /* Build configuration list for PBXProject "Steam" */;
			compatibilityVersion = "Xcode 3.2";
			developmentRegion = English;
			hasScannedForEncodings = 0;
			knownRegions = (
				en,
				Base,
			);
			mainGroup = FA85D53218D2F04A00C96A8E;
			productRefGroup = FA85D53C18D2F04A00C96A8E /* Products */;
			projectDirPath = "";
			projectRoot = "";
			targets = (
				FA85D53A18D2F04A00C96A8E /* Steam */,
				FA85D55E18D2F04B00C96A8E /* SteamTests */,
			);
		};
/* End PBXProject section */

/* Begin PBXResourcesBuildPhase section */
		FA85D53918D2F04A00C96A8E /* Resources */ = {
			isa = PBXResourcesBuildPhase;
			buildActionMask = 2147483647;
			files = (
				FA85D55518D2F04A00C96A8E /* Main_iPad.storyboard in Resources */,
				FA85D55A18D2F04A00C96A8E /* Images.xcassets in Resources */,
				FA85D55218D2F04A00C96A8E /* Main_iPhone.storyboard in Resources */,
				FA85D54918D2F04A00C96A8E /* InfoPlist.strings in Resources */,
			);
			runOnlyForDeploymentPostprocessing = 0;
		};
		FA85D55D18D2F04B00C96A8E /* Resources */ = {
			isa = PBXResourcesBuildPhase;
			buildActionMask = 2147483647;
			files = (
				FA85D56B18D2F04B00C96A8E /* InfoPlist.strings in Resources */,
			);
			runOnlyForDeploymentPostprocessing = 0;
		};
/* End PBXResourcesBuildPhase section */

/* Begin PBXSourcesBuildPhase section */
		FA85D53718D2F04A00C96A8E /* Sources */ = {
			isa = PBXSourcesBuildPhase;
			buildActionMask = 2147483647;
			files = (
				FA85D55818D2F04A00C96A8E /* STViewController.m in Sources */,
				FA2BF5A218D9EC7F00E64C14 /* STNavigationViewController.m in Sources */,
				FA2BF59F18D9EB5100E64C14 /* STUser.m in Sources */,
				FA85D54B18D2F04A00C96A8E /* main.m in Sources */,
				FA85D54F18D2F04A00C96A8E /* STAppDelegate.m in Sources */,
				FA0BCE8E18DDCA18007C8D8D /* STGame.m in Sources */,
				EF8CF50118DC6CD80007D85C /* STProfileViewController.m in Sources */,
				EF8CF50518DC73E80007D85C /* STApiService.m in Sources */,
			);
			runOnlyForDeploymentPostprocessing = 0;
		};
		FA85D55B18D2F04B00C96A8E /* Sources */ = {
			isa = PBXSourcesBuildPhase;
			buildActionMask = 2147483647;
			files = (
				FA85D56D18D2F04B00C96A8E /* SteamTests.m in Sources */,
			);
			runOnlyForDeploymentPostprocessing = 0;
		};
/* End PBXSourcesBuildPhase section */

/* Begin PBXTargetDependency section */
		FA85D56518D2F04B00C96A8E /* PBXTargetDependency */ = {
			isa = PBXTargetDependency;
			target = FA85D53A18D2F04A00C96A8E /* Steam */;
			targetProxy = FA85D56418D2F04B00C96A8E /* PBXContainerItemProxy */;
		};
/* End PBXTargetDependency section */

/* Begin PBXVariantGroup section */
		FA85D54718D2F04A00C96A8E /* InfoPlist.strings */ = {
			isa = PBXVariantGroup;
			children = (
				FA85D54818D2F04A00C96A8E /* en */,
			);
			name = InfoPlist.strings;
			sourceTree = "<group>";
		};
		FA85D55018D2F04A00C96A8E /* Main_iPhone.storyboard */ = {
			isa = PBXVariantGroup;
			children = (
				FA85D55118D2F04A00C96A8E /* Base */,
			);
			name = Main_iPhone.storyboard;
			sourceTree = "<group>";
		};
		FA85D55318D2F04A00C96A8E /* Main_iPad.storyboard */ = {
			isa = PBXVariantGroup;
			children = (
				FA85D55418D2F04A00C96A8E /* Base */,
			);
			name = Main_iPad.storyboard;
			sourceTree = "<group>";
		};
		FA85D56918D2F04B00C96A8E /* InfoPlist.strings */ = {
			isa = PBXVariantGroup;
			children = (
				FA85D56A18D2F04B00C96A8E /* en */,
			);
			name = InfoPlist.strings;
			sourceTree = "<group>";
		};
/* End PBXVariantGroup section */

/* Begin XCBuildConfiguration section */
		FA85D56E18D2F04B00C96A8E /* Debug */ = {
			isa = XCBuildConfiguration;
			buildSettings = {
				ALWAYS_SEARCH_USER_PATHS = NO;
				CLANG_CXX_LANGUAGE_STANDARD = "gnu++0x";
				CLANG_CXX_LIBRARY = "libc++";
				CLANG_ENABLE_MODULES = YES;
				CLANG_ENABLE_OBJC_ARC = YES;
				CLANG_WARN_BOOL_CONVERSION = YES;
				CLANG_WARN_CONSTANT_CONVERSION = YES;
				CLANG_WARN_DIRECT_OBJC_ISA_USAGE = YES_ERROR;
				CLANG_WARN_EMPTY_BODY = YES;
				CLANG_WARN_ENUM_CONVERSION = YES;
				CLANG_WARN_INT_CONVERSION = YES;
				CLANG_WARN_OBJC_ROOT_CLASS = YES_ERROR;
				CLANG_WARN__DUPLICATE_METHOD_MATCH = YES;
				"CODE_SIGN_IDENTITY[sdk=iphoneos*]" = "iPhone Developer";
				COPY_PHASE_STRIP = NO;
				GCC_C_LANGUAGE_STANDARD = gnu99;
				GCC_DYNAMIC_NO_PIC = NO;
				GCC_OPTIMIZATION_LEVEL = 0;
				GCC_PREPROCESSOR_DEFINITIONS = (
					"DEBUG=1",
					"$(inherited)",
				);
				GCC_SYMBOLS_PRIVATE_EXTERN = NO;
				GCC_WARN_64_TO_32_BIT_CONVERSION = YES;
				GCC_WARN_ABOUT_RETURN_TYPE = YES_ERROR;
				GCC_WARN_UNDECLARED_SELECTOR = YES;
				GCC_WARN_UNINITIALIZED_AUTOS = YES_AGGRESSIVE;
				GCC_WARN_UNUSED_FUNCTION = YES;
				GCC_WARN_UNUSED_VARIABLE = YES;
				IPHONEOS_DEPLOYMENT_TARGET = 7.1;
				ONLY_ACTIVE_ARCH = YES;
				SDKROOT = iphoneos;
				TARGETED_DEVICE_FAMILY = "1,2";
			};
			name = Debug;
		};
		FA85D56F18D2F04B00C96A8E /* Release */ = {
			isa = XCBuildConfiguration;
			buildSettings = {
				ALWAYS_SEARCH_USER_PATHS = NO;
				CLANG_CXX_LANGUAGE_STANDARD = "gnu++0x";
				CLANG_CXX_LIBRARY = "libc++";
				CLANG_ENABLE_MODULES = YES;
				CLANG_ENABLE_OBJC_ARC = YES;
				CLANG_WARN_BOOL_CONVERSION = YES;
				CLANG_WARN_CONSTANT_CONVERSION = YES;
				CLANG_WARN_DIRECT_OBJC_ISA_USAGE = YES_ERROR;
				CLANG_WARN_EMPTY_BODY = YES;
				CLANG_WARN_ENUM_CONVERSION = YES;
				CLANG_WARN_INT_CONVERSION = YES;
				CLANG_WARN_OBJC_ROOT_CLASS = YES_ERROR;
				CLANG_WARN__DUPLICATE_METHOD_MATCH = YES;
				"CODE_SIGN_IDENTITY[sdk=iphoneos*]" = "iPhone Developer";
				COPY_PHASE_STRIP = YES;
				ENABLE_NS_ASSERTIONS = NO;
				GCC_C_LANGUAGE_STANDARD = gnu99;
				GCC_WARN_64_TO_32_BIT_CONVERSION = YES;
				GCC_WARN_ABOUT_RETURN_TYPE = YES_ERROR;
				GCC_WARN_UNDECLARED_SELECTOR = YES;
				GCC_WARN_UNINITIALIZED_AUTOS = YES_AGGRESSIVE;
				GCC_WARN_UNUSED_FUNCTION = YES;
				GCC_WARN_UNUSED_VARIABLE = YES;
				IPHONEOS_DEPLOYMENT_TARGET = 7.1;
				SDKROOT = iphoneos;
				TARGETED_DEVICE_FAMILY = "1,2";
				VALIDATE_PRODUCT = YES;
			};
			name = Release;
		};
		FA85D57118D2F04B00C96A8E /* Debug */ = {
			isa = XCBuildConfiguration;
			buildSettings = {
				ASSETCATALOG_COMPILER_APPICON_NAME = AppIcon;
				ASSETCATALOG_COMPILER_LAUNCHIMAGE_NAME = LaunchImage;
				CODE_SIGN_IDENTITY = "iPhone Developer";
				GCC_PRECOMPILE_PREFIX_HEADER = YES;
				GCC_PREFIX_HEADER = "Steam/Steam-Prefix.pch";
				INFOPLIST_FILE = "Steam/Steam-Info.plist";
				PRODUCT_NAME = "$(TARGET_NAME)";
				TARGETED_DEVICE_FAMILY = 1;
				WRAPPER_EXTENSION = app;
			};
			name = Debug;
		};
		FA85D57218D2F04B00C96A8E /* Release */ = {
			isa = XCBuildConfiguration;
			buildSettings = {
				ASSETCATALOG_COMPILER_APPICON_NAME = AppIcon;
				ASSETCATALOG_COMPILER_LAUNCHIMAGE_NAME = LaunchImage;
				CODE_SIGN_IDENTITY = "iPhone Developer";
				GCC_PRECOMPILE_PREFIX_HEADER = YES;
				GCC_PREFIX_HEADER = "Steam/Steam-Prefix.pch";
				INFOPLIST_FILE = "Steam/Steam-Info.plist";
				PRODUCT_NAME = "$(TARGET_NAME)";
				TARGETED_DEVICE_FAMILY = 1;
				WRAPPER_EXTENSION = app;
			};
			name = Release;
		};
		FA85D57418D2F04B00C96A8E /* Debug */ = {
			isa = XCBuildConfiguration;
			buildSettings = {
				BUNDLE_LOADER = "$(BUILT_PRODUCTS_DIR)/Steam.app/Steam";
				FRAMEWORK_SEARCH_PATHS = (
					"$(SDKROOT)/Developer/Library/Frameworks",
					"$(inherited)",
					"$(DEVELOPER_FRAMEWORKS_DIR)",
				);
				GCC_PRECOMPILE_PREFIX_HEADER = YES;
				GCC_PREFIX_HEADER = "Steam/Steam-Prefix.pch";
				GCC_PREPROCESSOR_DEFINITIONS = (
					"DEBUG=1",
					"$(inherited)",
				);
				INFOPLIST_FILE = "SteamTests/SteamTests-Info.plist";
				PRODUCT_NAME = "$(TARGET_NAME)";
				TEST_HOST = "$(BUNDLE_LOADER)";
				WRAPPER_EXTENSION = xctest;
			};
			name = Debug;
		};
		FA85D57518D2F04B00C96A8E /* Release */ = {
			isa = XCBuildConfiguration;
			buildSettings = {
				BUNDLE_LOADER = "$(BUILT_PRODUCTS_DIR)/Steam.app/Steam";
				FRAMEWORK_SEARCH_PATHS = (
					"$(SDKROOT)/Developer/Library/Frameworks",
					"$(inherited)",
					"$(DEVELOPER_FRAMEWORKS_DIR)",
				);
				GCC_PRECOMPILE_PREFIX_HEADER = YES;
				GCC_PREFIX_HEADER = "Steam/Steam-Prefix.pch";
				INFOPLIST_FILE = "SteamTests/SteamTests-Info.plist";
				PRODUCT_NAME = "$(TARGET_NAME)";
				TEST_HOST = "$(BUNDLE_LOADER)";
				WRAPPER_EXTENSION = xctest;
			};
			name = Release;
		};
/* End XCBuildConfiguration section */

/* Begin XCConfigurationList section */
		FA85D53618D2F04A00C96A8E /* Build configuration list for PBXProject "Steam" */ = {
			isa = XCConfigurationList;
			buildConfigurations = (
				FA85D56E18D2F04B00C96A8E /* Debug */,
				FA85D56F18D2F04B00C96A8E /* Release */,
			);
			defaultConfigurationIsVisible = 0;
			defaultConfigurationName = Release;
		};
		FA85D57018D2F04B00C96A8E /* Build configuration list for PBXNativeTarget "Steam" */ = {
			isa = XCConfigurationList;
			buildConfigurations = (
				FA85D57118D2F04B00C96A8E /* Debug */,
				FA85D57218D2F04B00C96A8E /* Release */,
			);
			defaultConfigurationIsVisible = 0;
			defaultConfigurationName = Release;
		};
		FA85D57318D2F04B00C96A8E /* Build configuration list for PBXNativeTarget "SteamTests" */ = {
			isa = XCConfigurationList;
			buildConfigurations = (
				FA85D57418D2F04B00C96A8E /* Debug */,
				FA85D57518D2F04B00C96A8E /* Release */,
			);
			defaultConfigurationIsVisible = 0;
			defaultConfigurationName = Release;
		};
/* End XCConfigurationList section */
	};
	rootObject = FA85D53318D2F04A00C96A8E /* Project object */;
}
